
Microsoft Visual Studio Solution File, Format Version 12.00
# Visual Studio Version 16
VisualStudioVersion = 16.0.30517.126
MinimumVisualStudioVersion = 10.0.40219.1
Project("{FAE04EC0-301F-11D3-BF4B-00C04F79EFBC}") = "ShoppingListHelper", "ShoppingListHelper.csproj", "{39557EB8-368E-4DBA-8244-D88FE471EADB}"
EndProject
Global
	GlobalSection(SolutionConfigurationPlatforms) = preSolution
		Debug|Any CPU = Debug|Any CPU
		Release|Any CPU = Release|Any CPU
	EndGlobalSection
	GlobalSection(ProjectConfigurationPlatforms) = postSolution
		{39557EB8-368E-4DBA-8244-D88FE471EADB}.Debug|Any CPU.ActiveCfg = Debug|Any CPU
		{39557EB8-368E-4DBA-8244-D88FE471EADB}.Debug|Any CPU.Build.0 = Debug|Any CPU
		{39557EB8-368E-4DBA-8244-D88FE471EADB}.Release|Any CPU.ActiveCfg = Release|Any CPU
		{39557EB8-368E-4DBA-8244-D88FE471EADB}.Release|Any CPU.Build.0 = Release|Any CPU
	EndGlobalSection
	GlobalSection(SolutionProperties) = preSolution
		HideSolutionNode = FALSE
	EndGlobalSection
	GlobalSection(ExtensibilityGlobals) = postSolution
		SolutionGuid = {64D7E708-89D5-48E3-9F4B-6F022602E725}
	EndGlobalSection
EndGlobal
